
Microsoft Visual Studio Solution File, Format Version 12.00
# Visual Studio 15
VisualStudioVersion = 15.0.27703.2035
MinimumVisualStudioVersion = 10.0.40219.1
Project("{FAE04EC0-301F-11D3-BF4B-00C04F79EFBC}") = "DriveLoggerService", "DriveLoggerService\DriveLoggerService.csproj", "{CF53FC92-C510-4541-82E8-2D61BD7E4B7F}"
EndProject
Global
	GlobalSection(SolutionConfigurationPlatforms) = preSolution
		Debug|Any CPU = Debug|Any CPU
		Release|Any CPU = Release|Any CPU
	EndGlobalSection
	GlobalSection(ProjectConfigurationPlatforms) = postSolution
		{CF53FC92-C510-4541-82E8-2D61BD7E4B7F}.Debug|Any CPU.ActiveCfg = Debug|Any CPU
		{CF53FC92-C510-4541-82E8-2D61BD7E4B7F}.Debug|Any CPU.Build.0 = Debug|Any CPU
		{CF53FC92-C510-4541-82E8-2D61BD7E4B7F}.Release|Any CPU.ActiveCfg = Release|Any CPU
		{CF53FC92-C510-4541-82E8-2D61BD7E4B7F}.Release|Any CPU.Build.0 = Release|Any CPU
	EndGlobalSection
	GlobalSection(SolutionProperties) = preSolution
		HideSolutionNode = FALSE
	EndGlobalSection
	GlobalSection(ExtensibilityGlobals) = postSolution
		SolutionGuid = {B00FEC5B-F7C4-4A84-9B16-99CDD5A0F87F}
	EndGlobalSection
EndGlobal
